
Microsoft Visual Studio Solution File, Format Version 12.00
# Visual Studio Version 16
VisualStudioVersion = 16.0.32630.194
MinimumVisualStudioVersion = 10.0.40219.1
Project("{FAE04EC0-301F-11D3-BF4B-00C04F79EFBC}") = "WebApplication", "WebApplication\WebApplication.csproj", "{32E82F96-3FB8-48AC-A046-288611020C65}"
EndProject
Project("{FAE04EC0-301F-11D3-BF4B-00C04F79EFBC}") = "Winform", "Winform\Winform.csproj", "{C46CB837-1209-4C0C-8B56-3A499DBDD066}"
EndProject
Global
	GlobalSection(SolutionConfigurationPlatforms) = preSolution
		Debug|Any CPU = Debug|Any CPU
		Release|Any CPU = Release|Any CPU
	EndGlobalSection
	GlobalSection(ProjectConfigurationPlatforms) = postSolution
		{32E82F96-3FB8-48AC-A046-288611020C65}.Debug|Any CPU.ActiveCfg = Debug|Any CPU
		{32E82F96-3FB8-48AC-A046-288611020C65}.Debug|Any CPU.Build.0 = Debug|Any CPU
		{32E82F96-3FB8-48AC-A046-288611020C65}.Release|Any CPU.ActiveCfg = Release|Any CPU
		{32E82F96-3FB8-48AC-A046-288611020C65}.Release|Any CPU.Build.0 = Release|Any CPU
		{C46CB837-1209-4C0C-8B56-3A499DBDD066}.Debug|Any CPU.ActiveCfg = Debug|Any CPU
		{C46CB837-1209-4C0C-8B56-3A499DBDD066}.Debug|Any CPU.Build.0 = Debug|Any CPU
		{C46CB837-1209-4C0C-8B56-3A499DBDD066}.Release|Any CPU.ActiveCfg = Release|Any CPU
		{C46CB837-1209-4C0C-8B56-3A499DBDD066}.Release|Any CPU.Build.0 = Release|Any CPU
	EndGlobalSection
	GlobalSection(SolutionProperties) = preSolution
		HideSolutionNode = FALSE
	EndGlobalSection
	GlobalSection(ExtensibilityGlobals) = postSolution
		SolutionGuid = {603EB965-E47C-4CF1-903B-5909B46DB9F5}
	EndGlobalSection
EndGlobal
